
Microsoft Visual Studio Solution File, Format Version 12.00
# Visual Studio Version 16
Project("{2150E333-8FDC-42A3-9474-1A3956D46DE8}") = "CMakePredefinedTargets", "CMakePredefinedTargets", "{3ED09D0F-3837-3BDF-8DA0-112FDDDF287C}"
EndProject
Project("{2150E333-8FDC-42A3-9474-1A3956D46DE8}") = "External", "External", "{1B171615-14CB-3A17-ABC8-37E1F9423ECC}"
EndProject
Project("{2150E333-8FDC-42A3-9474-1A3956D46DE8}") = "Internal", "Internal", "{AB5191FA-EFC4-3CCC-8A58-BBC2D3AB59C5}"
EndProject
Project("{8BC9CEB8-8B4A-11D0-8D11-00A0C91BC942}") = "ALL_BUILD", "ALL_BUILD.vcxproj", "{CA08BF77-3AB6-32B9-BB2F-1915CFFFC288}"
	ProjectSection(ProjectDependencies) = postProject
		{6D3605B0-54BE-35D9-B8E5-85099A980786} = {6D3605B0-54BE-35D9-B8E5-85099A980786}
		{A37271C0-8E3C-30B6-B279-5FB78BBF13D0} = {A37271C0-8E3C-30B6-B279-5FB78BBF13D0}
		{7CD7216D-548A-3AF6-9B6B-DF16789DA242} = {7CD7216D-548A-3AF6-9B6B-DF16789DA242}
		{7A1FBDD9-F2E1-364E-820B-FCFA06AD5423} = {7A1FBDD9-F2E1-364E-820B-FCFA06AD5423}
		{9E5D8694-2C00-3334-9D4D-8109B2481804} = {9E5D8694-2C00-3334-9D4D-8109B2481804}
		{7166F2F5-8450-3069-B1AD-1331916E697D} = {7166F2F5-8450-3069-B1AD-1331916E697D}
		{CCBC7FD2-2FDE-3CD5-AE28-C0E3B7590176} = {CCBC7FD2-2FDE-3CD5-AE28-C0E3B7590176}
		{2F60EBD8-3A5C-3E8A-A60A-979ED32395D5} = {2F60EBD8-3A5C-3E8A-A60A-979ED32395D5}
		{652531E2-9CC1-3D56-A69A-94DBAF03C4ED} = {652531E2-9CC1-3D56-A69A-94DBAF03C4ED}
		{D19C7E84-52FB-3C98-ABF9-1B8ECEAD5682} = {D19C7E84-52FB-3C98-ABF9-1B8ECEAD5682}
		{FCBD10AB-F484-3C94-8CBF-B0F1EBFB4CF1} = {FCBD10AB-F484-3C94-8CBF-B0F1EBFB4CF1}
		{3DE4627C-BB4B-35CB-AC58-0B9B5E478E3C} = {3DE4627C-BB4B-35CB-AC58-0B9B5E478E3C}
		{2BBD3D23-D87D-345B-85EE-895633EA554D} = {2BBD3D23-D87D-345B-85EE-895633EA554D}
	EndProjectSection
EndProject
Project("{8BC9CEB8-8B4A-11D0-8D11-00A0C91BC942}") = "ZERO_CHECK", "..\..\..\\ZERO_CHECK.vcxproj", "{6D3605B0-54BE-35D9-B8E5-85099A980786}"
	ProjectSection(ProjectDependencies) = postProject
	EndProjectSection
EndProject
Project("{8BC9CEB8-8B4A-11D0-8D11-00A0C91BC942}") = "cocos2d", "cocos2d.vcxproj", "{A37271C0-8E3C-30B6-B279-5FB78BBF13D0}"
	ProjectSection(ProjectDependencies) = postProject
		{6D3605B0-54BE-35D9-B8E5-85099A980786} = {6D3605B0-54BE-35D9-B8E5-85099A980786}
		{7CD7216D-548A-3AF6-9B6B-DF16789DA242} = {7CD7216D-548A-3AF6-9B6B-DF16789DA242}
		{7A1FBDD9-F2E1-364E-820B-FCFA06AD5423} = {7A1FBDD9-F2E1-364E-820B-FCFA06AD5423}
		{9E5D8694-2C00-3334-9D4D-8109B2481804} = {9E5D8694-2C00-3334-9D4D-8109B2481804}
		{7166F2F5-8450-3069-B1AD-1331916E697D} = {7166F2F5-8450-3069-B1AD-1331916E697D}
		{CCBC7FD2-2FDE-3CD5-AE28-C0E3B7590176} = {CCBC7FD2-2FDE-3CD5-AE28-C0E3B7590176}
		{2F60EBD8-3A5C-3E8A-A60A-979ED32395D5} = {2F60EBD8-3A5C-3E8A-A60A-979ED32395D5}
		{652531E2-9CC1-3D56-A69A-94DBAF03C4ED} = {652531E2-9CC1-3D56-A69A-94DBAF03C4ED}
		{D19C7E84-52FB-3C98-ABF9-1B8ECEAD5682} = {D19C7E84-52FB-3C98-ABF9-1B8ECEAD5682}
		{FCBD10AB-F484-3C94-8CBF-B0F1EBFB4CF1} = {FCBD10AB-F484-3C94-8CBF-B0F1EBFB4CF1}
		{3DE4627C-BB4B-35CB-AC58-0B9B5E478E3C} = {3DE4627C-BB4B-35CB-AC58-0B9B5E478E3C}
		{2BBD3D23-D87D-345B-85EE-895633EA554D} = {2BBD3D23-D87D-345B-85EE-895633EA554D}
	EndProjectSection
EndProject
Project("{8BC9CEB8-8B4A-11D0-8D11-00A0C91BC942}") = "ext_clipper", "..\..\external\clipper\ext_clipper.vcxproj", "{7CD7216D-548A-3AF6-9B6B-DF16789DA242}"
	ProjectSection(ProjectDependencies) = postProject
		{6D3605B0-54BE-35D9-B8E5-85099A980786} = {6D3605B0-54BE-35D9-B8E5-85099A980786}
	EndProjectSection
EndProject
Project("{8BC9CEB8-8B4A-11D0-8D11-00A0C91BC942}") = "ext_convertUTF", "..\..\external\ConvertUTF\ext_convertUTF.vcxproj", "{7A1FBDD9-F2E1-364E-820B-FCFA06AD5423}"
	ProjectSection(ProjectDependencies) = postProject
		{6D3605B0-54BE-35D9-B8E5-85099A980786} = {6D3605B0-54BE-35D9-B8E5-85099A980786}
	EndProjectSection
EndProject
Project("{8BC9CEB8-8B4A-11D0-8D11-00A0C91BC942}") = "ext_edtaa3func", "..\..\external\edtaa3func\ext_edtaa3func.vcxproj", "{9E5D8694-2C00-3334-9D4D-8109B2481804}"
	ProjectSection(ProjectDependencies) = postProject
		{6D3605B0-54BE-35D9-B8E5-85099A980786} = {6D3605B0-54BE-35D9-B8E5-85099A980786}
	EndProjectSection
EndProject
Project("{8BC9CEB8-8B4A-11D0-8D11-00A0C91BC942}") = "ext_md5", "..\..\external\md5\ext_md5.vcxproj", "{7166F2F5-8450-3069-B1AD-1331916E697D}"
	ProjectSection(ProjectDependencies) = postProject
		{6D3605B0-54BE-35D9-B8E5-85099A980786} = {6D3605B0-54BE-35D9-B8E5-85099A980786}
	EndProjectSection
EndProject
Project("{8BC9CEB8-8B4A-11D0-8D11-00A0C91BC942}") = "ext_poly2tri", "..\..\external\poly2tri\ext_poly2tri.vcxproj", "{CCBC7FD2-2FDE-3CD5-AE28-C0E3B7590176}"
	ProjectSection(ProjectDependencies) = postProject
		{6D3605B0-54BE-35D9-B8E5-85099A980786} = {6D3605B0-54BE-35D9-B8E5-85099A980786}
	EndProjectSection
EndProject
Project("{8BC9CEB8-8B4A-11D0-8D11-00A0C91BC942}") = "ext_recast", "..\..\external\recast\ext_recast.vcxproj", "{2F60EBD8-3A5C-3E8A-A60A-979ED32395D5}"
	ProjectSection(ProjectDependencies) = postProject
		{6D3605B0-54BE-35D9-B8E5-85099A980786} = {6D3605B0-54BE-35D9-B8E5-85099A980786}
	EndProjectSection
EndProject
Project("{8BC9CEB8-8B4A-11D0-8D11-00A0C91BC942}") = "ext_tinyxml2", "..\..\external\tinyxml2\ext_tinyxml2.vcxproj", "{652531E2-9CC1-3D56-A69A-94DBAF03C4ED}"
	ProjectSection(ProjectDependencies) = postProject
		{6D3605B0-54BE-35D9-B8E5-85099A980786} = {6D3605B0-54BE-35D9-B8E5-85099A980786}
	EndProjectSection
EndProject
Project("{8BC9CEB8-8B4A-11D0-8D11-00A0C91BC942}") = "ext_unzip", "..\..\external\unzip\ext_unzip.vcxproj", "{D19C7E84-52FB-3C98-ABF9-1B8ECEAD5682}"
	ProjectSection(ProjectDependencies) = postProject
		{6D3605B0-54BE-35D9-B8E5-85099A980786} = {6D3605B0-54BE-35D9-B8E5-85099A980786}
	EndProjectSection
EndProject
Project("{8BC9CEB8-8B4A-11D0-8D11-00A0C91BC942}") = "ext_xxhash", "..\..\external\xxhash\ext_xxhash.vcxproj", "{FCBD10AB-F484-3C94-8CBF-B0F1EBFB4CF1}"
	ProjectSection(ProjectDependencies) = postProject
		{6D3605B0-54BE-35D9-B8E5-85099A980786} = {6D3605B0-54BE-35D9-B8E5-85099A980786}
	EndProjectSection
EndProject
Project("{8BC9CEB8-8B4A-11D0-8D11-00A0C91BC942}") = "ext_xxtea", "..\..\external\xxtea\ext_xxtea.vcxproj", "{3DE4627C-BB4B-35CB-AC58-0B9B5E478E3C}"
	ProjectSection(ProjectDependencies) = postProject
		{6D3605B0-54BE-35D9-B8E5-85099A980786} = {6D3605B0-54BE-35D9-B8E5-85099A980786}
	EndProjectSection
EndProject
Project("{8BC9CEB8-8B4A-11D0-8D11-00A0C91BC942}") = "external", "..\..\external\external.vcxproj", "{2BBD3D23-D87D-345B-85EE-895633EA554D}"
	ProjectSection(ProjectDependencies) = postProject
		{6D3605B0-54BE-35D9-B8E5-85099A980786} = {6D3605B0-54BE-35D9-B8E5-85099A980786}
		{7CD7216D-548A-3AF6-9B6B-DF16789DA242} = {7CD7216D-548A-3AF6-9B6B-DF16789DA242}
		{7A1FBDD9-F2E1-364E-820B-FCFA06AD5423} = {7A1FBDD9-F2E1-364E-820B-FCFA06AD5423}
		{9E5D8694-2C00-3334-9D4D-8109B2481804} = {9E5D8694-2C00-3334-9D4D-8109B2481804}
		{7166F2F5-8450-3069-B1AD-1331916E697D} = {7166F2F5-8450-3069-B1AD-1331916E697D}
		{CCBC7FD2-2FDE-3CD5-AE28-C0E3B7590176} = {CCBC7FD2-2FDE-3CD5-AE28-C0E3B7590176}
		{2F60EBD8-3A5C-3E8A-A60A-979ED32395D5} = {2F60EBD8-3A5C-3E8A-A60A-979ED32395D5}
		{652531E2-9CC1-3D56-A69A-94DBAF03C4ED} = {652531E2-9CC1-3D56-A69A-94DBAF03C4ED}
		{D19C7E84-52FB-3C98-ABF9-1B8ECEAD5682} = {D19C7E84-52FB-3C98-ABF9-1B8ECEAD5682}
		{FCBD10AB-F484-3C94-8CBF-B0F1EBFB4CF1} = {FCBD10AB-F484-3C94-8CBF-B0F1EBFB4CF1}
		{3DE4627C-BB4B-35CB-AC58-0B9B5E478E3C} = {3DE4627C-BB4B-35CB-AC58-0B9B5E478E3C}
	EndProjectSection
EndProject
Global
	GlobalSection(SolutionConfigurationPlatforms) = preSolution
		Debug|Win32 = Debug|Win32
		Release|Win32 = Release|Win32
		MinSizeRel|Win32 = MinSizeRel|Win32
		RelWithDebInfo|Win32 = RelWithDebInfo|Win32
	EndGlobalSection
	GlobalSection(ProjectConfigurationPlatforms) = postSolution
		{CA08BF77-3AB6-32B9-BB2F-1915CFFFC288}.Debug|Win32.ActiveCfg = Debug|Win32
		{CA08BF77-3AB6-32B9-BB2F-1915CFFFC288}.Release|Win32.ActiveCfg = Release|Win32
		{CA08BF77-3AB6-32B9-BB2F-1915CFFFC288}.MinSizeRel|Win32.ActiveCfg = MinSizeRel|Win32
		{CA08BF77-3AB6-32B9-BB2F-1915CFFFC288}.RelWithDebInfo|Win32.ActiveCfg = RelWithDebInfo|Win32
		{6D3605B0-54BE-35D9-B8E5-85099A980786}.Debug|Win32.ActiveCfg = Debug|Win32
		{6D3605B0-54BE-35D9-B8E5-85099A980786}.Debug|Win32.Build.0 = Debug|Win32
		{6D3605B0-54BE-35D9-B8E5-85099A980786}.Release|Win32.ActiveCfg = Release|Win32
		{6D3605B0-54BE-35D9-B8E5-85099A980786}.Release|Win32.Build.0 = Release|Win32
		{6D3605B0-54BE-35D9-B8E5-85099A980786}.MinSizeRel|Win32.ActiveCfg = MinSizeRel|Win32
		{6D3605B0-54BE-35D9-B8E5-85099A980786}.MinSizeRel|Win32.Build.0 = MinSizeRel|Win32
		{6D3605B0-54BE-35D9-B8E5-85099A980786}.RelWithDebInfo|Win32.ActiveCfg = RelWithDebInfo|Win32
		{6D3605B0-54BE-35D9-B8E5-85099A980786}.RelWithDebInfo|Win32.Build.0 = RelWithDebInfo|Win32
		{A37271C0-8E3C-30B6-B279-5FB78BBF13D0}.Debug|Win32.ActiveCfg = Debug|Win32
		{A37271C0-8E3C-30B6-B279-5FB78BBF13D0}.Debug|Win32.Build.0 = Debug|Win32
		{A37271C0-8E3C-30B6-B279-5FB78BBF13D0}.Release|Win32.ActiveCfg = Release|Win32
		{A37271C0-8E3C-30B6-B279-5FB78BBF13D0}.Release|Win32.Build.0 = Release|Win32
		{A37271C0-8E3C-30B6-B279-5FB78BBF13D0}.MinSizeRel|Win32.ActiveCfg = MinSizeRel|Win32
		{A37271C0-8E3C-30B6-B279-5FB78BBF13D0}.MinSizeRel|Win32.Build.0 = MinSizeRel|Win32
		{A37271C0-8E3C-30B6-B279-5FB78BBF13D0}.RelWithDebInfo|Win32.ActiveCfg = RelWithDebInfo|Win32
		{A37271C0-8E3C-30B6-B279-5FB78BBF13D0}.RelWithDebInfo|Win32.Build.0 = RelWithDebInfo|Win32
		{7CD7216D-548A-3AF6-9B6B-DF16789DA242}.Debug|Win32.ActiveCfg = Debug|Win32
		{7CD7216D-548A-3AF6-9B6B-DF16789DA242}.Debug|Win32.Build.0 = Debug|Win32
		{7CD7216D-548A-3AF6-9B6B-DF16789DA242}.Release|Win32.ActiveCfg = Release|Win32
		{7CD7216D-548A-3AF6-9B6B-DF16789DA242}.Release|Win32.Build.0 = Release|Win32
		{7CD7216D-548A-3AF6-9B6B-DF16789DA242}.MinSizeRel|Win32.ActiveCfg = MinSizeRel|Win32
		{7CD7216D-548A-3AF6-9B6B-DF16789DA242}.MinSizeRel|Win32.Build.0 = MinSizeRel|Win32
		{7CD7216D-548A-3AF6-9B6B-DF16789DA242}.RelWithDebInfo|Win32.ActiveCfg = RelWithDebInfo|Win32
		{7CD7216D-548A-3AF6-9B6B-DF16789DA242}.RelWithDebInfo|Win32.Build.0 = RelWithDebInfo|Win32
		{7A1FBDD9-F2E1-364E-820B-FCFA06AD5423}.Debug|Win32.ActiveCfg = Debug|Win32
		{7A1FBDD9-F2E1-364E-820B-FCFA06AD5423}.Debug|Win32.Build.0 = Debug|Win32
		{7A1FBDD9-F2E1-364E-820B-FCFA06AD5423}.Release|Win32.ActiveCfg = Release|Win32
		{7A1FBDD9-F2E1-364E-820B-FCFA06AD5423}.Release|Win32.Build.0 = Release|Win32
		{7A1FBDD9-F2E1-364E-820B-FCFA06AD5423}.MinSizeRel|Win32.ActiveCfg = MinSizeRel|Win32
		{7A1FBDD9-F2E1-364E-820B-FCFA06AD5423}.MinSizeRel|Win32.Build.0 = MinSizeRel|Win32
		{7A1FBDD9-F2E1-364E-820B-FCFA06AD5423}.RelWithDebInfo|Win32.ActiveCfg = RelWithDebInfo|Win32
		{7A1FBDD9-F2E1-364E-820B-FCFA06AD5423}.RelWithDebInfo|Win32.Build.0 = RelWithDebInfo|Win32
		{9E5D8694-2C00-3334-9D4D-8109B2481804}.Debug|Win32.ActiveCfg = Debug|Win32
		{9E5D8694-2C00-3334-9D4D-8109B2481804}.Debug|Win32.Build.0 = Debug|Win32
		{9E5D8694-2C00-3334-9D4D-8109B2481804}.Release|Win32.ActiveCfg = Release|Win32
		{9E5D8694-2C00-3334-9D4D-8109B2481804}.Release|Win32.Build.0 = Release|Win32
		{9E5D8694-2C00-3334-9D4D-8109B2481804}.MinSizeRel|Win32.ActiveCfg = MinSizeRel|Win32
		{9E5D8694-2C00-3334-9D4D-8109B2481804}.MinSizeRel|Win32.Build.0 = MinSizeRel|Win32
		{9E5D8694-2C00-3334-9D4D-8109B2481804}.RelWithDebInfo|Win32.ActiveCfg = RelWithDebInfo|Win32
		{9E5D8694-2C00-3334-9D4D-8109B2481804}.RelWithDebInfo|Win32.Build.0 = RelWithDebInfo|Win32
		{7166F2F5-8450-3069-B1AD-1331916E697D}.Debug|Win32.ActiveCfg = Debug|Win32
		{7166F2F5-8450-3069-B1AD-1331916E697D}.Debug|Win32.Build.0 = Debug|Win32
		{7166F2F5-8450-3069-B1AD-1331916E697D}.Release|Win32.ActiveCfg = Release|Win32
		{7166F2F5-8450-3069-B1AD-1331916E697D}.Release|Win32.Build.0 = Release|Win32
		{7166F2F5-8450-3069-B1AD-1331916E697D}.MinSizeRel|Win32.ActiveCfg = MinSizeRel|Win32
		{7166F2F5-8450-3069-B1AD-1331916E697D}.MinSizeRel|Win32.Build.0 = MinSizeRel|Win32
		{7166F2F5-8450-3069-B1AD-1331916E697D}.RelWithDebInfo|Win32.ActiveCfg = RelWithDebInfo|Win32
		{7166F2F5-8450-3069-B1AD-1331916E697D}.RelWithDebInfo|Win32.Build.0 = RelWithDebInfo|Win32
		{CCBC7FD2-2FDE-3CD5-AE28-C0E3B7590176}.Debug|Win32.ActiveCfg = Debug|Win32
		{CCBC7FD2-2FDE-3CD5-AE28-C0E3B7590176}.Debug|Win32.Build.0 = Debug|Win32
		{CCBC7FD2-2FDE-3CD5-AE28-C0E3B7590176}.Release|Win32.ActiveCfg = Release|Win32
		{CCBC7FD2-2FDE-3CD5-AE28-C0E3B7590176}.Release|Win32.Build.0 = Release|Win32
		{CCBC7FD2-2FDE-3CD5-AE28-C0E3B7590176}.MinSizeRel|Win32.ActiveCfg = MinSizeRel|Win32
		{CCBC7FD2-2FDE-3CD5-AE28-C0E3B7590176}.MinSizeRel|Win32.Build.0 = MinSizeRel|Win32
		{CCBC7FD2-2FDE-3CD5-AE28-C0E3B7590176}.RelWithDebInfo|Win32.ActiveCfg = RelWithDebInfo|Win32
		{CCBC7FD2-2FDE-3CD5-AE28-C0E3B7590176}.RelWithDebInfo|Win32.Build.0 = RelWithDebInfo|Win32
		{2F60EBD8-3A5C-3E8A-A60A-979ED32395D5}.Debug|Win32.ActiveCfg = Debug|Win32
		{2F60EBD8-3A5C-3E8A-A60A-979ED32395D5}.Debug|Win32.Build.0 = Debug|Win32
		{2F60EBD8-3A5C-3E8A-A60A-979ED32395D5}.Release|Win32.ActiveCfg = Release|Win32
		{2F60EBD8-3A5C-3E8A-A60A-979ED32395D5}.Release|Win32.Build.0 = Release|Win32
		{2F60EBD8-3A5C-3E8A-A60A-979ED32395D5}.MinSizeRel|Win32.ActiveCfg = MinSizeRel|Win32
		{2F60EBD8-3A5C-3E8A-A60A-979ED32395D5}.MinSizeRel|Win32.Build.0 = MinSizeRel|Win32
		{2F60EBD8-3A5C-3E8A-A60A-979ED32395D5}.RelWithDebInfo|Win32.ActiveCfg = RelWithDebInfo|Win32
		{2F60EBD8-3A5C-3E8A-A60A-979ED32395D5}.RelWithDebInfo|Win32.Build.0 = RelWithDebInfo|Win32
		{652531E2-9CC1-3D56-A69A-94DBAF03C4ED}.Debug|Win32.ActiveCfg = Debug|Win32
		{652531E2-9CC1-3D56-A69A-94DBAF03C4ED}.Debug|Win32.Build.0 = Debug|Win32
		{652531E2-9CC1-3D56-A69A-94DBAF03C4ED}.Release|Win32.ActiveCfg = Release|Win32
		{652531E2-9CC1-3D56-A69A-94DBAF03C4ED}.Release|Win32.Build.0 = Release|Win32
		{652531E2-9CC1-3D56-A69A-94DBAF03C4ED}.MinSizeRel|Win32.ActiveCfg = MinSizeRel|Win32
		{652531E2-9CC1-3D56-A69A-94DBAF03C4ED}.MinSizeRel|Win32.Build.0 = MinSizeRel|Win32
		{652531E2-9CC1-3D56-A69A-94DBAF03C4ED}.RelWithDebInfo|Win32.ActiveCfg = RelWithDebInfo|Win32
		{652531E2-9CC1-3D56-A69A-94DBAF03C4ED}.RelWithDebInfo|Win32.Build.0 = RelWithDebInfo|Win32
		{D19C7E84-52FB-3C98-ABF9-1B8ECEAD5682}.Debug|Win32.ActiveCfg = Debug|Win32
		{D19C7E84-52FB-3C98-ABF9-1B8ECEAD5682}.Debug|Win32.Build.0 = Debug|Win32
		{D19C7E84-52FB-3C98-ABF9-1B8ECEAD5682}.Release|Win32.ActiveCfg = Release|Win32
		{D19C7E84-52FB-3C98-ABF9-1B8ECEAD5682}.Release|Win32.Build.0 = Release|Win32
		{D19C7E84-52FB-3C98-ABF9-1B8ECEAD5682}.MinSizeRel|Win32.ActiveCfg = MinSizeRel|Win32
		{D19C7E84-52FB-3C98-ABF9-1B8ECEAD5682}.MinSizeRel|Win32.Build.0 = MinSizeRel|Win32
		{D19C7E84-52FB-3C98-ABF9-1B8ECEAD5682}.RelWithDebInfo|Win32.ActiveCfg = RelWithDebInfo|Win32
		{D19C7E84-52FB-3C98-ABF9-1B8ECEAD5682}.RelWithDebInfo|Win32.Build.0 = RelWithDebInfo|Win32
		{FCBD10AB-F484-3C94-8CBF-B0F1EBFB4CF1}.Debug|Win32.ActiveCfg = Debug|Win32
		{FCBD10AB-F484-3C94-8CBF-B0F1EBFB4CF1}.Debug|Win32.Build.0 = Debug|Win32
		{FCBD10AB-F484-3C94-8CBF-B0F1EBFB4CF1}.Release|Win32.ActiveCfg = Release|Win32
		{FCBD10AB-F484-3C94-8CBF-B0F1EBFB4CF1}.Release|Win32.Build.0 = Release|Win32
		{FCBD10AB-F484-3C94-8CBF-B0F1EBFB4CF1}.MinSizeRel|Win32.ActiveCfg = MinSizeRel|Win32
		{FCBD10AB-F484-3C94-8CBF-B0F1EBFB4CF1}.MinSizeRel|Win32.Build.0 = MinSizeRel|Win32
		{FCBD10AB-F484-3C94-8CBF-B0F1EBFB4CF1}.RelWithDebInfo|Win32.ActiveCfg = RelWithDebInfo|Win32
		{FCBD10AB-F484-3C94-8CBF-B0F1EBFB4CF1}.RelWithDebInfo|Win32.Build.0 = RelWithDebInfo|Win32
		{3DE4627C-BB4B-35CB-AC58-0B9B5E478E3C}.Debug|Win32.ActiveCfg = Debug|Win32
		{3DE4627C-BB4B-35CB-AC58-0B9B5E478E3C}.Debug|Win32.Build.0 = Debug|Win32
		{3DE4627C-BB4B-35CB-AC58-0B9B5E478E3C}.Release|Win32.ActiveCfg = Release|Win32
		{3DE4627C-BB4B-35CB-AC58-0B9B5E478E3C}.Release|Win32.Build.0 = Release|Win32
		{3DE4627C-BB4B-35CB-AC58-0B9B5E478E3C}.MinSizeRel|Win32.ActiveCfg = MinSizeRel|Win32
		{3DE4627C-BB4B-35CB-AC58-0B9B5E478E3C}.MinSizeRel|Win32.Build.0 = MinSizeRel|Win32
		{3DE4627C-BB4B-35CB-AC58-0B9B5E478E3C}.RelWithDebInfo|Win32.ActiveCfg = RelWithDebInfo|Win32
		{3DE4627C-BB4B-35CB-AC58-0B9B5E478E3C}.RelWithDebInfo|Win32.Build.0 = RelWithDebInfo|Win32
		{2BBD3D23-D87D-345B-85EE-895633EA554D}.Debug|Win32.ActiveCfg = Debug|Win32
		{2BBD3D23-D87D-345B-85EE-895633EA554D}.Debug|Win32.Build.0 = Debug|Win32
		{2BBD3D23-D87D-345B-85EE-895633EA554D}.Release|Win32.ActiveCfg = Release|Win32
		{2BBD3D23-D87D-345B-85EE-895633EA554D}.Release|Win32.Build.0 = Release|Win32
		{2BBD3D23-D87D-345B-85EE-895633EA554D}.MinSizeRel|Win32.ActiveCfg = MinSizeRel|Win32
		{2BBD3D23-D87D-345B-85EE-895633EA554D}.MinSizeRel|Win32.Build.0 = MinSizeRel|Win32
		{2BBD3D23-D87D-345B-85EE-895633EA554D}.RelWithDebInfo|Win32.ActiveCfg = RelWithDebInfo|Win32
		{2BBD3D23-D87D-345B-85EE-895633EA554D}.RelWithDebInfo|Win32.Build.0 = RelWithDebInfo|Win32
	EndGlobalSection
	GlobalSection(NestedProjects) = preSolution
		{CA08BF77-3AB6-32B9-BB2F-1915CFFFC288} = {3ED09D0F-3837-3BDF-8DA0-112FDDDF287C}
		{6D3605B0-54BE-35D9-B8E5-85099A980786} = {3ED09D0F-3837-3BDF-8DA0-112FDDDF287C}
		{7CD7216D-548A-3AF6-9B6B-DF16789DA242} = {1B171615-14CB-3A17-ABC8-37E1F9423ECC}
		{7A1FBDD9-F2E1-364E-820B-FCFA06AD5423} = {1B171615-14CB-3A17-ABC8-37E1F9423ECC}
		{9E5D8694-2C00-3334-9D4D-8109B2481804} = {1B171615-14CB-3A17-ABC8-37E1F9423ECC}
		{7166F2F5-8450-3069-B1AD-1331916E697D} = {1B171615-14CB-3A17-ABC8-37E1F9423ECC}
		{CCBC7FD2-2FDE-3CD5-AE28-C0E3B7590176} = {1B171615-14CB-3A17-ABC8-37E1F9423ECC}
		{2F60EBD8-3A5C-3E8A-A60A-979ED32395D5} = {1B171615-14CB-3A17-ABC8-37E1F9423ECC}
		{652531E2-9CC1-3D56-A69A-94DBAF03C4ED} = {1B171615-14CB-3A17-ABC8-37E1F9423ECC}
		{D19C7E84-52FB-3C98-ABF9-1B8ECEAD5682} = {1B171615-14CB-3A17-ABC8-37E1F9423ECC}
		{FCBD10AB-F484-3C94-8CBF-B0F1EBFB4CF1} = {1B171615-14CB-3A17-ABC8-37E1F9423ECC}
		{3DE4627C-BB4B-35CB-AC58-0B9B5E478E3C} = {1B171615-14CB-3A17-ABC8-37E1F9423ECC}
		{2BBD3D23-D87D-345B-85EE-895633EA554D} = {1B171615-14CB-3A17-ABC8-37E1F9423ECC}
		{A37271C0-8E3C-30B6-B279-5FB78BBF13D0} = {AB5191FA-EFC4-3CCC-8A58-BBC2D3AB59C5}
	EndGlobalSection
	GlobalSection(ExtensibilityGlobals) = postSolution
		SolutionGuid = {F4021DA6-8C3B-31DB-8F50-6BD7587E0AB6}
	EndGlobalSection
	GlobalSection(ExtensibilityAddIns) = postSolution
	EndGlobalSection
EndGlobal
